// !$*UTF8*$!
{
	archiveVersion = 1;
	classes = {
	};
	objectVersion = 77;
	objects = {

/* Begin PBXBuildFile section */
		AA00000000000000000021 /* FaceFusionEngine.xpc in Embed XPC Services */ = {isa = PBXBuildFile; fileRef = AA00000000000000000011 /* FaceFusionEngine.xpc */; settings = {ATTRIBUTES = (RemoveHeadersOnCopy, ); }; };
		AA00000000000000000032 /* onnxruntime in Frameworks */ = {isa = PBXBuildFile; productRef = AA00000000000000000031 /* onnxruntime */; };
		AA00000000000000000042 /* onnxruntime in Frameworks */ = {isa = PBXBuildFile; productRef = AA00000000000000000041 /* onnxruntime */; };
/* End PBXBuildFile section */

/* Begin PBXContainerItemProxy section */
		0FAF5BB1301C2AB8008C84DC /* PBXContainerItemProxy */ = {
			isa = PBXContainerItemProxy;
			containerPortal = 0FAF5B9B301C2AB6008C84DC /* Project object */;
			proxyType = 1;
			remoteGlobalIDString = 0FAF5BA2301C2AB6008C84DC;
			remoteInfo = Morphiqo;
		};
		0FAF5BBB301C2AB8008C84DC /* PBXContainerItemProxy */ = {
			isa = PBXContainerItemProxy;
			containerPortal = 0FAF5B9B301C2AB6008C84DC /* Project object */;
			proxyType = 1;
			remoteGlobalIDString = 0FAF5BA2301C2AB6008C84DC;
			remoteInfo = Morphiqo;
		};
		AA00000000000000000023 /* PBXContainerItemProxy */ = {
			isa = PBXContainerItemProxy;
			containerPortal = 0FAF5B9B301C2AB6008C84DC /* Project object */;
			proxyType = 1;
			remoteGlobalIDString = AA00000000000000000010;
			remoteInfo = FaceFusionEngine;
		};
/* End PBXContainerItemProxy section */

/* Begin PBXCopyFilesBuildPhase section */
		AA00000000000000000020 /* Embed XPC Services */ = {
			isa = PBXCopyFilesBuildPhase;
			buildActionMask = 2147483647;
			dstPath = "$(CONTENTS_FOLDER_PATH)/XPCServices";
			dstSubfolderSpec = 16;
			files = (
				AA00000000000000000021 /* FaceFusionEngine.xpc in Embed XPC Services */,
			);
			name = "Embed XPC Services";
			runOnlyForDeploymentPostprocessing = 0;
		};
/* End PBXCopyFilesBuildPhase section */

/* Begin PBXFileReference section */
		0FAF5BA3301C2AB6008C84DC /* Morphiqo.app */ = {isa = PBXFileReference; explicitFileType = wrapper.application; includeInIndex = 0; path = Morphiqo.app; sourceTree = BUILT_PRODUCTS_DIR; };
		0FAF5BB0301C2AB8008C84DC /* FaceFusionMacTests.xctest */ = {isa = PBXFileReference; explicitFileType = wrapper.cfbundle; includeInIndex = 0; path = FaceFusionMacTests.xctest; sourceTree = BUILT_PRODUCTS_DIR; };
		0FAF5BBA301C2AB8008C84DC /* FaceFusionMacUITests.xctest */ = {isa = PBXFileReference; explicitFileType = wrapper.cfbundle; includeInIndex = 0; path = FaceFusionMacUITests.xctest; sourceTree = BUILT_PRODUCTS_DIR; };
		AA00000000000000000011 /* FaceFusionEngine.xpc */ = {isa = PBXFileReference; explicitFileType = "wrapper.xpc-service"; includeInIndex = 0; path = FaceFusionEngine.xpc; sourceTree = BUILT_PRODUCTS_DIR; };
/* End PBXFileReference section */

/* Begin PBXFileSystemSynchronizedBuildFileExceptionSet section */
		AA00000000000000000003 /* Exceptions for "FaceFusionEngine" folder in "FaceFusionEngine" target */ = {
			isa = PBXFileSystemSynchronizedBuildFileExceptionSet;
			membershipExceptions = (
				Info.plist,
			);
			target = AA00000000000000000010 /* FaceFusionEngine */;
		};
		AA00000000000000000004 /* Exceptions for "FaceFusionEngine" folder in "FaceFusionMacTests" target */ = {
			isa = PBXFileSystemSynchronizedBuildFileExceptionSet;
			membershipExceptions = (
				Info.plist,
				main.swift,
			);
			target = 0FAF5BAF301C2AB8008C84DC /* FaceFusionMacTests */;
		};
/* End PBXFileSystemSynchronizedBuildFileExceptionSet section */

/* Begin PBXFileSystemSynchronizedRootGroup section */
		0FAF5BA5301C2AB6008C84DC /* FaceFusionMac */ = {
			isa = PBXFileSystemSynchronizedRootGroup;
			path = FaceFusionMac;
			sourceTree = "<group>";
		};
		0FAF5BB3301C2AB8008C84DC /* FaceFusionMacTests */ = {
			isa = PBXFileSystemSynchronizedRootGroup;
			path = FaceFusionMacTests;
			sourceTree = "<group>";
		};
		0FAF5BBD301C2AB8008C84DC /* FaceFusionMacUITests */ = {
			isa = PBXFileSystemSynchronizedRootGroup;
			path = FaceFusionMacUITests;
			sourceTree = "<group>";
		};
		AA00000000000000000001 /* Shared */ = {
			isa = PBXFileSystemSynchronizedRootGroup;
			path = Shared;
			sourceTree = "<group>";
		};
		AA00000000000000000002 /* FaceFusionEngine */ = {
			isa = PBXFileSystemSynchronizedRootGroup;
			exceptions = (
				AA00000000000000000003 /* Exceptions for "FaceFusionEngine" folder in "FaceFusionEngine" target */,
				AA00000000000000000004 /* Exceptions for "FaceFusionEngine" folder in "FaceFusionMacTests" target */,
			);
			path = FaceFusionEngine;
			sourceTree = "<group>";
		};
/* End PBXFileSystemSynchronizedRootGroup section */

/* Begin PBXFrameworksBuildPhase section */
		0FAF5BA0301C2AB6008C84DC /* Frameworks */ = {
			isa = PBXFrameworksBuildPhase;
			buildActionMask = 2147483647;
			files = (
			);
			runOnlyForDeploymentPostprocessing = 0;
		};
		0FAF5BAD301C2AB8008C84DC /* Frameworks */ = {
			isa = PBXFrameworksBuildPhase;
			buildActionMask = 2147483647;
			files = (
				AA00000000000000000042 /* onnxruntime in Frameworks */,
			);
			runOnlyForDeploymentPostprocessing = 0;
		};
		0FAF5BB7301C2AB8008C84DC /* Frameworks */ = {
			isa = PBXFrameworksBuildPhase;
			buildActionMask = 2147483647;
			files = (
			);
			runOnlyForDeploymentPostprocessing = 0;
		};
		AA00000000000000000013 /* Frameworks */ = {
			isa = PBXFrameworksBuildPhase;
			buildActionMask = 2147483647;
			files = (
				AA00000000000000000032 /* onnxruntime in Frameworks */,
			);
			runOnlyForDeploymentPostprocessing = 0;
		};
/* End PBXFrameworksBuildPhase section */

/* Begin PBXGroup section */
		0FAF5B9A301C2AB6008C84DC = {
			isa = PBXGroup;
			children = (
				0FAF5BA5301C2AB6008C84DC /* FaceFusionMac */,
				AA00000000000000000002 /* FaceFusionEngine */,
				AA00000000000000000001 /* Shared */,
				0FAF5BB3301C2AB8008C84DC /* FaceFusionMacTests */,
				0FAF5BBD301C2AB8008C84DC /* FaceFusionMacUITests */,
				0FAF5BA4301C2AB6008C84DC /* Products */,
			);
			sourceTree = "<group>";
		};
		0FAF5BA4301C2AB6008C84DC /* Products */ = {
			isa = PBXGroup;
			children = (
				0FAF5BA3301C2AB6008C84DC /* Morphiqo.app */,
				AA00000000000000000011 /* FaceFusionEngine.xpc */,
				0FAF5BB0301C2AB8008C84DC /* FaceFusionMacTests.xctest */,
				0FAF5BBA301C2AB8008C84DC /* FaceFusionMacUITests.xctest */,
			);
			name = Products;
			sourceTree = "<group>";
		};
/* End PBXGroup section */

/* Begin PBXNativeTarget section */
		0FAF5BA2301C2AB6008C84DC /* Morphiqo */ = {
			isa = PBXNativeTarget;
			buildConfigurationList = 0FAF5BC4301C2AB8008C84DC /* Build configuration list for PBXNativeTarget "Morphiqo" */;
			buildPhases = (
				0FAF5B9F301C2AB6008C84DC /* Sources */,
				0FAF5BA0301C2AB6008C84DC /* Frameworks */,
				0FAF5BA1301C2AB6008C84DC /* Resources */,
				AA00000000000000000020 /* Embed XPC Services */,
			);
			buildRules = (
			);
			dependencies = (
				AA00000000000000000022 /* PBXTargetDependency */,
			);
			fileSystemSynchronizedGroups = (
				0FAF5BA5301C2AB6008C84DC /* FaceFusionMac */,
				AA00000000000000000001 /* Shared */,
			);
			name = Morphiqo;
			packageProductDependencies = (
			);
			productName = Morphiqo;
			productReference = 0FAF5BA3301C2AB6008C84DC /* Morphiqo.app */;
			productType = "com.apple.product-type.application";
		};
		0FAF5BAF301C2AB8008C84DC /* FaceFusionMacTests */ = {
			isa = PBXNativeTarget;
			buildConfigurationList = 0FAF5BC7301C2AB8008C84DC /* Build configuration list for PBXNativeTarget "FaceFusionMacTests" */;
			buildPhases = (
				0FAF5BAC301C2AB8008C84DC /* Sources */,
				0FAF5BAD301C2AB8008C84DC /* Frameworks */,
				0FAF5BAE301C2AB8008C84DC /* Resources */,
			);
			buildRules = (
			);
			dependencies = (
				0FAF5BB2301C2AB8008C84DC /* PBXTargetDependency */,
			);
			fileSystemSynchronizedGroups = (
				0FAF5BB3301C2AB8008C84DC /* FaceFusionMacTests */,
				AA00000000000000000001 /* Shared */,
				AA00000000000000000002 /* FaceFusionEngine */,
			);
			name = FaceFusionMacTests;
			packageProductDependencies = (
				AA00000000000000000041 /* onnxruntime */,
			);
			productName = FaceFusionMacTests;
			productReference = 0FAF5BB0301C2AB8008C84DC /* FaceFusionMacTests.xctest */;
			productType = "com.apple.product-type.bundle.unit-test";
		};
		0FAF5BB9301C2AB8008C84DC /* FaceFusionMacUITests */ = {
			isa = PBXNativeTarget;
			buildConfigurationList = 0FAF5BCA301C2AB8008C84DC /* Build configuration list for PBXNativeTarget "FaceFusionMacUITests" */;
			buildPhases = (
				0FAF5BB6301C2AB8008C84DC /* Sources */,
				0FAF5BB7301C2AB8008C84DC /* Frameworks */,
				0FAF5BB8301C2AB8008C84DC /* Resources */,
			);
			buildRules = (
			);
			dependencies = (
				0FAF5BBC301C2AB8008C84DC /* PBXTargetDependency */,
			);
			fileSystemSynchronizedGroups = (
				0FAF5BBD301C2AB8008C84DC /* FaceFusionMacUITests */,
			);
			name = FaceFusionMacUITests;
			packageProductDependencies = (
			);
			productName = FaceFusionMacUITests;
			productReference = 0FAF5BBA301C2AB8008C84DC /* FaceFusionMacUITests.xctest */;
			productType = "com.apple.product-type.bundle.ui-testing";
		};
		AA00000000000000000010 /* FaceFusionEngine */ = {
			isa = PBXNativeTarget;
			buildConfigurationList = AA00000000000000000015 /* Build configuration list for PBXNativeTarget "FaceFusionEngine" */;
			buildPhases = (
				AA00000000000000000012 /* Sources */,
				AA00000000000000000013 /* Frameworks */,
				AA00000000000000000014 /* Resources */,
			);
			buildRules = (
			);
			dependencies = (
			);
			fileSystemSynchronizedGroups = (
				AA00000000000000000001 /* Shared */,
				AA00000000000000000002 /* FaceFusionEngine */,
			);
			name = FaceFusionEngine;
			packageProductDependencies = (
				AA00000000000000000031 /* onnxruntime */,
			);
			productName = FaceFusionEngine;
			productReference = AA00000000000000000011 /* FaceFusionEngine.xpc */;
			productType = "com.apple.product-type.xpc-service";
		};
/* End PBXNativeTarget section */

/* Begin PBXProject section */
		0FAF5B9B301C2AB6008C84DC /* Project object */ = {
			isa = PBXProject;
			attributes = {
				BuildIndependentTargetsInParallel = 1;
				LastSwiftUpdateCheck = 2660;
				LastUpgradeCheck = 2660;
				TargetAttributes = {
					0FAF5BA2301C2AB6008C84DC = {
						CreatedOnToolsVersion = 26.6;
					};
					0FAF5BAF301C2AB8008C84DC = {
						CreatedOnToolsVersion = 26.6;
						TestTargetID = 0FAF5BA2301C2AB6008C84DC;
					};
					0FAF5BB9301C2AB8008C84DC = {
						CreatedOnToolsVersion = 26.6;
						TestTargetID = 0FAF5BA2301C2AB6008C84DC;
					};
					AA00000000000000000010 = {
						CreatedOnToolsVersion = 26.6;
					};
				};
			};
			buildConfigurationList = 0FAF5B9E301C2AB6008C84DC /* Build configuration list for PBXProject "FaceFusionMac" */;
			developmentRegion = en;
			hasScannedForEncodings = 0;
			knownRegions = (
				en,
				"zh-Hans",
				"zh-Hant",
				ja,
				ko,
				Base,
			);
			mainGroup = 0FAF5B9A301C2AB6008C84DC;
			minimizedProjectReferenceProxies = 1;
			packageReferences = (
				AA00000000000000000030 /* XCRemoteSwiftPackageReference "onnxruntime-swift-package-manager" */,
			);
			preferredProjectObjectVersion = 77;
			productRefGroup = 0FAF5BA4301C2AB6008C84DC /* Products */;
			projectDirPath = "";
			projectRoot = "";
			targets = (
				0FAF5BA2301C2AB6008C84DC /* Morphiqo */,
				AA00000000000000000010 /* FaceFusionEngine */,
				0FAF5BAF301C2AB8008C84DC /* FaceFusionMacTests */,
				0FAF5BB9301C2AB8008C84DC /* FaceFusionMacUITests */,
			);
		};
/* End PBXProject section */

/* Begin PBXResourcesBuildPhase section */
		0FAF5BA1301C2AB6008C84DC /* Resources */ = {
			isa = PBXResourcesBuildPhase;
			buildActionMask = 2147483647;
			files = (
			);
			runOnlyForDeploymentPostprocessing = 0;
		};
		0FAF5BAE301C2AB8008C84DC /* Resources */ = {
			isa = PBXResourcesBuildPhase;
			buildActionMask = 2147483647;
			files = (
			);
			runOnlyForDeploymentPostprocessing = 0;
		};
		0FAF5BB8301C2AB8008C84DC /* Resources */ = {
			isa = PBXResourcesBuildPhase;
			buildActionMask = 2147483647;
			files = (
			);
			runOnlyForDeploymentPostprocessing = 0;
		};
		AA00000000000000000014 /* Resources */ = {
			isa = PBXResourcesBuildPhase;
			buildActionMask = 2147483647;
			files = (
			);
			runOnlyForDeploymentPostprocessing = 0;
		};
/* End PBXResourcesBuildPhase section */

/* Begin PBXSourcesBuildPhase section */
		0FAF5B9F301C2AB6008C84DC /* Sources */ = {
			isa = PBXSourcesBuildPhase;
			buildActionMask = 2147483647;
			files = (
			);
			runOnlyForDeploymentPostprocessing = 0;
		};
		0FAF5BAC301C2AB8008C84DC /* Sources */ = {
			isa = PBXSourcesBuildPhase;
			buildActionMask = 2147483647;
			files = (
			);
			runOnlyForDeploymentPostprocessing = 0;
		};
		0FAF5BB6301C2AB8008C84DC /* Sources */ = {
			isa = PBXSourcesBuildPhase;
			buildActionMask = 2147483647;
			files = (
			);
			runOnlyForDeploymentPostprocessing = 0;
		};
		AA00000000000000000012 /* Sources */ = {
			isa = PBXSourcesBuildPhase;
			buildActionMask = 2147483647;
			files = (
			);
			runOnlyForDeploymentPostprocessing = 0;
		};
/* End PBXSourcesBuildPhase section */

/* Begin PBXTargetDependency section */
		0FAF5BB2301C2AB8008C84DC /* PBXTargetDependency */ = {
			isa = PBXTargetDependency;
			target = 0FAF5BA2301C2AB6008C84DC /* Morphiqo */;
			targetProxy = 0FAF5BB1301C2AB8008C84DC /* PBXContainerItemProxy */;
		};
		0FAF5BBC301C2AB8008C84DC /* PBXTargetDependency */ = {
			isa = PBXTargetDependency;
			target = 0FAF5BA2301C2AB6008C84DC /* Morphiqo */;
			targetProxy = 0FAF5BBB301C2AB8008C84DC /* PBXContainerItemProxy */;
		};
		AA00000000000000000022 /* PBXTargetDependency */ = {
			isa = PBXTargetDependency;
			target = AA00000000000000000010 /* FaceFusionEngine */;
			targetProxy = AA00000000000000000023 /* PBXContainerItemProxy */;
		};
/* End PBXTargetDependency section */

/* Begin XCBuildConfiguration section */
		0FAF5BC2301C2AB8008C84DC /* Debug */ = {
			isa = XCBuildConfiguration;
			buildSettings = {
				ALWAYS_SEARCH_USER_PATHS = NO;
				ASSETCATALOG_COMPILER_GENERATE_SWIFT_ASSET_SYMBOL_EXTENSIONS = YES;
				CLANG_ANALYZER_NONNULL = YES;
				CLANG_ANALYZER_NUMBER_OBJECT_CONVERSION = YES_AGGRESSIVE;
				CLANG_CXX_LANGUAGE_STANDARD = "gnu++20";
				CLANG_ENABLE_MODULES = YES;
				CLANG_ENABLE_OBJC_ARC = YES;
				CLANG_ENABLE_OBJC_WEAK = YES;
				CLANG_WARN_BLOCK_CAPTURE_AUTORELEASING = YES;
				CLANG_WARN_BOOL_CONVERSION = YES;
				CLANG_WARN_COMMA = YES;
				CLANG_WARN_CONSTANT_CONVERSION = YES;
				CLANG_WARN_DEPRECATED_OBJC_IMPLEMENTATIONS = YES;
				CLANG_WARN_DIRECT_OBJC_ISA_USAGE = YES_ERROR;
				CLANG_WARN_DOCUMENTATION_COMMENTS = YES;
				CLANG_WARN_EMPTY_BODY = YES;
				CLANG_WARN_ENUM_CONVERSION = YES;
				CLANG_WARN_INFINITE_RECURSION = YES;
				CLANG_WARN_INT_CONVERSION = YES;
				CLANG_WARN_NON_LITERAL_NULL_CONVERSION = YES;
				CLANG_WARN_OBJC_IMPLICIT_RETAIN_SELF = YES;
				CLANG_WARN_OBJC_LITERAL_CONVERSION = YES;
				CLANG_WARN_OBJC_ROOT_CLASS = YES_ERROR;
				CLANG_WARN_QUOTED_INCLUDE_IN_FRAMEWORK_HEADER = YES;
				CLANG_WARN_RANGE_LOOP_ANALYSIS = YES;
				CLANG_WARN_STRICT_PROTOTYPES = YES;
				CLANG_WARN_SUSPICIOUS_MOVE = YES;
				CLANG_WARN_UNGUARDED_AVAILABILITY = YES_AGGRESSIVE;
				CLANG_WARN_UNREACHABLE_CODE = YES;
				CLANG_WARN__DUPLICATE_METHOD_MATCH = YES;
				COPY_PHASE_STRIP = NO;
				DEBUG_INFORMATION_FORMAT = dwarf;
				DEVELOPMENT_TEAM = HPL74FCW8E;
				ENABLE_STRICT_OBJC_MSGSEND = YES;
				ENABLE_TESTABILITY = YES;
				ENABLE_USER_SCRIPT_SANDBOXING = YES;
				GCC_C_LANGUAGE_STANDARD = gnu17;
				GCC_DYNAMIC_NO_PIC = NO;
				GCC_NO_COMMON_BLOCKS = YES;
				GCC_OPTIMIZATION_LEVEL = 0;
				GCC_PREPROCESSOR_DEFINITIONS = (
					"DEBUG=1",
					"$(inherited)",
				);
				GCC_WARN_64_TO_32_BIT_CONVERSION = YES;
				GCC_WARN_ABOUT_RETURN_TYPE = YES_ERROR;
				GCC_WARN_UNDECLARED_SELECTOR = YES;
				GCC_WARN_UNINITIALIZED_AUTOS = YES_AGGRESSIVE;
				GCC_WARN_UNUSED_FUNCTION = YES;
				GCC_WARN_UNUSED_VARIABLE = YES;
				LOCALIZATION_PREFERS_STRING_CATALOGS = YES;
				MACOSX_DEPLOYMENT_TARGET = 14.0;
				MTL_ENABLE_DEBUG_INFO = INCLUDE_SOURCE;
				MTL_FAST_MATH = YES;
				ONLY_ACTIVE_ARCH = YES;
				SDKROOT = macosx;
				SWIFT_ACTIVE_COMPILATION_CONDITIONS = "DEBUG $(inherited)";
				SWIFT_OPTIMIZATION_LEVEL = "-Onone";
			};
			name = Debug;
		};
		0FAF5BC3301C2AB8008C84DC /* Release */ = {
			isa = XCBuildConfiguration;
			buildSettings = {
				ALWAYS_SEARCH_USER_PATHS = NO;
				ASSETCATALOG_COMPILER_GENERATE_SWIFT_ASSET_SYMBOL_EXTENSIONS = YES;
				CLANG_ANALYZER_NONNULL = YES;
				CLANG_ANALYZER_NUMBER_OBJECT_CONVERSION = YES_AGGRESSIVE;
				CLANG_CXX_LANGUAGE_STANDARD = "gnu++20";
				CLANG_ENABLE_MODULES = YES;
				CLANG_ENABLE_OBJC_ARC = YES;
				CLANG_ENABLE_OBJC_WEAK = YES;
				CLANG_WARN_BLOCK_CAPTURE_AUTORELEASING = YES;
				CLANG_WARN_BOOL_CONVERSION = YES;
				CLANG_WARN_COMMA = YES;
				CLANG_WARN_CONSTANT_CONVERSION = YES;
				CLANG_WARN_DEPRECATED_OBJC_IMPLEMENTATIONS = YES;
				CLANG_WARN_DIRECT_OBJC_ISA_USAGE = YES_ERROR;
				CLANG_WARN_DOCUMENTATION_COMMENTS = YES;
				CLANG_WARN_EMPTY_BODY = YES;
				CLANG_WARN_ENUM_CONVERSION = YES;
				CLANG_WARN_INFINITE_RECURSION = YES;
				CLANG_WARN_INT_CONVERSION = YES;
				CLANG_WARN_NON_LITERAL_NULL_CONVERSION = YES;
				CLANG_WARN_OBJC_IMPLICIT_RETAIN_SELF = YES;
				CLANG_WARN_OBJC_LITERAL_CONVERSION = YES;
				CLANG_WARN_OBJC_ROOT_CLASS = YES_ERROR;
				CLANG_WARN_QUOTED_INCLUDE_IN_FRAMEWORK_HEADER = YES;
				CLANG_WARN_RANGE_LOOP_ANALYSIS = YES;
				CLANG_WARN_STRICT_PROTOTYPES = YES;
				CLANG_WARN_SUSPICIOUS_MOVE = YES;
				CLANG_WARN_UNGUARDED_AVAILABILITY = YES_AGGRESSIVE;
				CLANG_WARN_UNREACHABLE_CODE = YES;
				CLANG_WARN__DUPLICATE_METHOD_MATCH = YES;
				COPY_PHASE_STRIP = NO;
				DEBUG_INFORMATION_FORMAT = "dwarf-with-dsym";
				DEVELOPMENT_TEAM = HPL74FCW8E;
				ENABLE_NS_ASSERTIONS = NO;
				ENABLE_STRICT_OBJC_MSGSEND = YES;
				ENABLE_USER_SCRIPT_SANDBOXING = YES;
				GCC_C_LANGUAGE_STANDARD = gnu17;
				GCC_NO_COMMON_BLOCKS = YES;
				GCC_WARN_64_TO_32_BIT_CONVERSION = YES;
				GCC_WARN_ABOUT_RETURN_TYPE = YES_ERROR;
				GCC_WARN_UNDECLARED_SELECTOR = YES;
				GCC_WARN_UNINITIALIZED_AUTOS = YES_AGGRESSIVE;
				GCC_WARN_UNUSED_FUNCTION = YES;
				GCC_WARN_UNUSED_VARIABLE = YES;
				LOCALIZATION_PREFERS_STRING_CATALOGS = YES;
				MACOSX_DEPLOYMENT_TARGET = 14.0;
				MTL_ENABLE_DEBUG_INFO = NO;
				MTL_FAST_MATH = YES;
				SDKROOT = macosx;
				SWIFT_COMPILATION_MODE = wholemodule;
			};
			name = Release;
		};
		0FAF5BC5301C2AB8008C84DC /* Debug */ = {
			isa = XCBuildConfiguration;
			buildSettings = {
				ASSETCATALOG_COMPILER_APPICON_NAME = AppIcon;
				ASSETCATALOG_COMPILER_GLOBAL_ACCENT_COLOR_NAME = AccentColor;
				CODE_SIGN_ENTITLEMENTS = FaceFusionMac/FaceFusionMac.entitlements;
				CODE_SIGN_STYLE = Automatic;
				COMBINE_HIDPI_IMAGES = YES;
				CURRENT_PROJECT_VERSION = 27;
				DEVELOPMENT_TEAM = HPL74FCW8E;
				ENABLE_HARDENED_RUNTIME = YES;
				ENABLE_PREVIEWS = YES;
				GENERATE_INFOPLIST_FILE = YES;
				INFOPLIST_KEY_LSApplicationCategoryType = "public.app-category.photography";
				INFOPLIST_KEY_NSHumanReadableCopyright = "";
				LD_RUNPATH_SEARCH_PATHS = (
					"$(inherited)",
					"@executable_path/../Frameworks",
				);
				MARKETING_VERSION = 1.9.2;
				PRODUCT_BUNDLE_IDENTIFIER = com.lisenhuang.morphiqo;
				PRODUCT_NAME = "$(TARGET_NAME)";
				REGISTER_APP_GROUPS = YES;
				STRING_CATALOG_GENERATE_SYMBOLS = YES;
				SWIFT_APPROACHABLE_CONCURRENCY = YES;
				SWIFT_DEFAULT_ACTOR_ISOLATION = MainActor;
				SWIFT_EMIT_LOC_STRINGS = YES;
				SWIFT_UPCOMING_FEATURE_MEMBER_IMPORT_VISIBILITY = YES;
				SWIFT_VERSION = 5.0;
			};
			name = Debug;
		};
		0FAF5BC6301C2AB8008C84DC /* Release */ = {
			isa = XCBuildConfiguration;
			buildSettings = {
				ASSETCATALOG_COMPILER_APPICON_NAME = AppIcon;
				ASSETCATALOG_COMPILER_GLOBAL_ACCENT_COLOR_NAME = AccentColor;
				CODE_SIGN_ENTITLEMENTS = FaceFusionMac/FaceFusionMac.entitlements;
				CODE_SIGN_STYLE = Automatic;
				COMBINE_HIDPI_IMAGES = YES;
				CURRENT_PROJECT_VERSION = 27;
				DEVELOPMENT_TEAM = HPL74FCW8E;
				ENABLE_HARDENED_RUNTIME = YES;
				ENABLE_PREVIEWS = YES;
				GENERATE_INFOPLIST_FILE = YES;
				INFOPLIST_KEY_LSApplicationCategoryType = "public.app-category.photography";
				INFOPLIST_KEY_NSHumanReadableCopyright = "";
				LD_RUNPATH_SEARCH_PATHS = (
					"$(inherited)",
					"@executable_path/../Frameworks",
				);
				MARKETING_VERSION = 1.9.2;
				PRODUCT_BUNDLE_IDENTIFIER = com.lisenhuang.morphiqo;
				PRODUCT_NAME = "$(TARGET_NAME)";
				REGISTER_APP_GROUPS = YES;
				STRING_CATALOG_GENERATE_SYMBOLS = YES;
				SWIFT_APPROACHABLE_CONCURRENCY = YES;
				SWIFT_DEFAULT_ACTOR_ISOLATION = MainActor;
				SWIFT_EMIT_LOC_STRINGS = YES;
				SWIFT_UPCOMING_FEATURE_MEMBER_IMPORT_VISIBILITY = YES;
				SWIFT_VERSION = 5.0;
			};
			name = Release;
		};
		0FAF5BC8301C2AB8008C84DC /* Debug */ = {
			isa = XCBuildConfiguration;
			buildSettings = {
				BUNDLE_LOADER = "$(TEST_HOST)";
				CODE_SIGN_STYLE = Automatic;
				CURRENT_PROJECT_VERSION = 27;
				DEVELOPMENT_TEAM = HPL74FCW8E;
				GENERATE_INFOPLIST_FILE = YES;
				MACOSX_DEPLOYMENT_TARGET = 14.0;
				MARKETING_VERSION = 1.9.2;
				PRODUCT_BUNDLE_IDENTIFIER = com.lisenhuang.morphiqoTests;
				PRODUCT_NAME = "$(TARGET_NAME)";
				STRING_CATALOG_GENERATE_SYMBOLS = NO;
				SWIFT_APPROACHABLE_CONCURRENCY = YES;
				SWIFT_DEFAULT_ACTOR_ISOLATION = nonisolated;
				SWIFT_EMIT_LOC_STRINGS = NO;
				SWIFT_UPCOMING_FEATURE_MEMBER_IMPORT_VISIBILITY = YES;
				SWIFT_VERSION = 5.0;
				TEST_HOST = "$(BUILT_PRODUCTS_DIR)/Morphiqo.app/$(BUNDLE_EXECUTABLE_FOLDER_PATH)/Morphiqo";
			};
			name = Debug;
		};
		0FAF5BC9301C2AB8008C84DC /* Release */ = {
			isa = XCBuildConfiguration;
			buildSettings = {
				BUNDLE_LOADER = "$(TEST_HOST)";
				CODE_SIGN_STYLE = Automatic;
				CURRENT_PROJECT_VERSION = 27;
				DEVELOPMENT_TEAM = HPL74FCW8E;
				GENERATE_INFOPLIST_FILE = YES;
				MACOSX_DEPLOYMENT_TARGET = 14.0;
				MARKETING_VERSION = 1.9.2;
				PRODUCT_BUNDLE_IDENTIFIER = com.lisenhuang.morphiqoTests;
				PRODUCT_NAME = "$(TARGET_NAME)";
				STRING_CATALOG_GENERATE_SYMBOLS = NO;
				SWIFT_APPROACHABLE_CONCURRENCY = YES;
				SWIFT_DEFAULT_ACTOR_ISOLATION = nonisolated;
				SWIFT_EMIT_LOC_STRINGS = NO;
				SWIFT_UPCOMING_FEATURE_MEMBER_IMPORT_VISIBILITY = YES;
				SWIFT_VERSION = 5.0;
				TEST_HOST = "$(BUILT_PRODUCTS_DIR)/Morphiqo.app/$(BUNDLE_EXECUTABLE_FOLDER_PATH)/Morphiqo";
			};
			name = Release;
		};
		0FAF5BCB301C2AB8008C84DC /* Debug */ = {
			isa = XCBuildConfiguration;
			buildSettings = {
				CODE_SIGN_STYLE = Automatic;
				CURRENT_PROJECT_VERSION = 27;
				DEVELOPMENT_TEAM = HPL74FCW8E;
				GENERATE_INFOPLIST_FILE = YES;
				MARKETING_VERSION = 1.9.2;
				PRODUCT_BUNDLE_IDENTIFIER = com.lisenhuang.morphiqoUITests;
				PRODUCT_NAME = "$(TARGET_NAME)";
				STRING_CATALOG_GENERATE_SYMBOLS = NO;
				SWIFT_APPROACHABLE_CONCURRENCY = YES;
				SWIFT_EMIT_LOC_STRINGS = NO;
				SWIFT_UPCOMING_FEATURE_MEMBER_IMPORT_VISIBILITY = YES;
				SWIFT_VERSION = 5.0;
				TEST_TARGET_NAME = Morphiqo;
			};
			name = Debug;
		};
		0FAF5BCC301C2AB8008C84DC /* Release */ = {
			isa = XCBuildConfiguration;
			buildSettings = {
				CODE_SIGN_STYLE = Automatic;
				CURRENT_PROJECT_VERSION = 27;
				DEVELOPMENT_TEAM = HPL74FCW8E;
				GENERATE_INFOPLIST_FILE = YES;
				MARKETING_VERSION = 1.9.2;
				PRODUCT_BUNDLE_IDENTIFIER = com.lisenhuang.morphiqoUITests;
				PRODUCT_NAME = "$(TARGET_NAME)";
				STRING_CATALOG_GENERATE_SYMBOLS = NO;
				SWIFT_APPROACHABLE_CONCURRENCY = YES;
				SWIFT_EMIT_LOC_STRINGS = NO;
				SWIFT_UPCOMING_FEATURE_MEMBER_IMPORT_VISIBILITY = YES;
				SWIFT_VERSION = 5.0;
				TEST_TARGET_NAME = Morphiqo;
			};
			name = Release;
		};
		AA00000000000000000016 /* Debug */ = {
			isa = XCBuildConfiguration;
			buildSettings = {
				CODE_SIGN_ENTITLEMENTS = FaceFusionEngine/FaceFusionEngine.entitlements;
				CODE_SIGN_STYLE = Automatic;
				CURRENT_PROJECT_VERSION = 27;
				DEVELOPMENT_TEAM = HPL74FCW8E;
				ENABLE_HARDENED_RUNTIME = YES;
				GENERATE_INFOPLIST_FILE = NO;
				INFOPLIST_FILE = FaceFusionEngine/Info.plist;
				MACOSX_DEPLOYMENT_TARGET = 14.0;
				MARKETING_VERSION = 1.9.2;
				PRODUCT_BUNDLE_IDENTIFIER = com.lisenhuang.morphiqo.Engine;
				PRODUCT_NAME = "$(TARGET_NAME)";
				SKIP_INSTALL = YES;
				SWIFT_APPROACHABLE_CONCURRENCY = YES;
				SWIFT_DEFAULT_ACTOR_ISOLATION = nonisolated;
				SWIFT_VERSION = 5.0;
			};
			name = Debug;
		};
		AA00000000000000000017 /* Release */ = {
			isa = XCBuildConfiguration;
			buildSettings = {
				CODE_SIGN_ENTITLEMENTS = FaceFusionEngine/FaceFusionEngine.entitlements;
				CODE_SIGN_STYLE = Automatic;
				CURRENT_PROJECT_VERSION = 27;
				DEVELOPMENT_TEAM = HPL74FCW8E;
				ENABLE_HARDENED_RUNTIME = YES;
				GENERATE_INFOPLIST_FILE = NO;
				INFOPLIST_FILE = FaceFusionEngine/Info.plist;
				MACOSX_DEPLOYMENT_TARGET = 14.0;
				MARKETING_VERSION = 1.9.2;
				PRODUCT_BUNDLE_IDENTIFIER = com.lisenhuang.morphiqo.Engine;
				PRODUCT_NAME = "$(TARGET_NAME)";
				SKIP_INSTALL = YES;
				SWIFT_APPROACHABLE_CONCURRENCY = YES;
				SWIFT_DEFAULT_ACTOR_ISOLATION = nonisolated;
				SWIFT_VERSION = 5.0;
			};
			name = Release;
		};
/* End XCBuildConfiguration section */

/* Begin XCConfigurationList section */
		0FAF5B9E301C2AB6008C84DC /* Build configuration list for PBXProject "FaceFusionMac" */ = {
			isa = XCConfigurationList;
			buildConfigurations = (
				0FAF5BC2301C2AB8008C84DC /* Debug */,
				0FAF5BC3301C2AB8008C84DC /* Release */,
			);
			defaultConfigurationIsVisible = 0;
			defaultConfigurationName = Release;
		};
		0FAF5BC4301C2AB8008C84DC /* Build configuration list for PBXNativeTarget "Morphiqo" */ = {
			isa = XCConfigurationList;
			buildConfigurations = (
				0FAF5BC5301C2AB8008C84DC /* Debug */,
				0FAF5BC6301C2AB8008C84DC /* Release */,
			);
			defaultConfigurationIsVisible = 0;
			defaultConfigurationName = Release;
		};
		0FAF5BC7301C2AB8008C84DC /* Build configuration list for PBXNativeTarget "FaceFusionMacTests" */ = {
			isa = XCConfigurationList;
			buildConfigurations = (
				0FAF5BC8301C2AB8008C84DC /* Debug */,
				0FAF5BC9301C2AB8008C84DC /* Release */,
			);
			defaultConfigurationIsVisible = 0;
			defaultConfigurationName = Release;
		};
		0FAF5BCA301C2AB8008C84DC /* Build configuration list for PBXNativeTarget "FaceFusionMacUITests" */ = {
			isa = XCConfigurationList;
			buildConfigurations = (
				0FAF5BCB301C2AB8008C84DC /* Debug */,
				0FAF5BCC301C2AB8008C84DC /* Release */,
			);
			defaultConfigurationIsVisible = 0;
			defaultConfigurationName = Release;
		};
		AA00000000000000000015 /* Build configuration list for PBXNativeTarget "FaceFusionEngine" */ = {
			isa = XCConfigurationList;
			buildConfigurations = (
				AA00000000000000000016 /* Debug */,
				AA00000000000000000017 /* Release */,
			);
			defaultConfigurationIsVisible = 0;
			defaultConfigurationName = Release;
		};
/* End XCConfigurationList section */

/* Begin XCRemoteSwiftPackageReference section */
		AA00000000000000000030 /* XCRemoteSwiftPackageReference "onnxruntime-swift-package-manager" */ = {
			isa = XCRemoteSwiftPackageReference;
			repositoryURL = "https://github.com/microsoft/onnxruntime-swift-package-manager";
			requirement = {
				kind = upToNextMajorVersion;
				minimumVersion = 1.24.2;
			};
		};
/* End XCRemoteSwiftPackageReference section */

/* Begin XCSwiftPackageProductDependency section */
		AA00000000000000000031 /* onnxruntime */ = {
			isa = XCSwiftPackageProductDependency;
			package = AA00000000000000000030 /* XCRemoteSwiftPackageReference "onnxruntime-swift-package-manager" */;
			productName = onnxruntime;
		};
		AA00000000000000000041 /* onnxruntime */ = {
			isa = XCSwiftPackageProductDependency;
			package = AA00000000000000000030 /* XCRemoteSwiftPackageReference "onnxruntime-swift-package-manager" */;
			productName = onnxruntime;
		};
/* End XCSwiftPackageProductDependency section */
	};
	rootObject = 0FAF5B9B301C2AB6008C84DC /* Project object */;
}
