// !$*UTF8*$!
{
	archiveVersion = 1;
	classes = {
	};
	objectVersion = 77;
	objects = {

/* Begin PBXContainerItemProxy section */
		0FAF5BB1301C2AB8008C84DC /* PBXContainerItemProxy */ = {
			isa = PBXContainerItemProxy;
			containerPortal = 0FAF5B9B301C2AB6008C84DC /* Project object */;
			proxyType = 1;
			remoteGlobalIDString = 0FAF5BA2301C2AB6008C84DC;
			remoteInfo = FaceFusionMac;
		};
		0FAF5BBB301C2AB8008C84DC /* PBXContainerItemProxy */ = {
			isa = PBXContainerItemProxy;
			containerPortal = 0FAF5B9B301C2AB6008C84DC /* Project object */;
			proxyType = 1;
			remoteGlobalIDString = 0FAF5BA2301C2AB6008C84DC;
			remoteInfo = FaceFusionMac;
		};
/* End PBXContainerItemProxy section */

/* Begin PBXFileReference section */
		0FAF5BA3301C2AB6008C84DC /* FaceFusionMac.app */ = {isa = PBXFileReference; explicitFileType = wrapper.application; includeInIndex = 0; path = FaceFusionMac.app; sourceTree = BUILT_PRODUCTS_DIR; };
		0FAF5BB0301C2AB8008C84DC /* FaceFusionMacTests.xctest */ = {isa = PBXFileReference; explicitFileType = wrapper.cfbundle; includeInIndex = 0; path = FaceFusionMacTests.xctest; sourceTree = BUILT_PRODUCTS_DIR; };
		0FAF5BBA301C2AB8008C84DC /* FaceFusionMacUITests.xctest */ = {isa = PBXFileReference; explicitFileType = wrapper.cfbundle; includeInIndex = 0; path = FaceFusionMacUITests.xctest; sourceTree = BUILT_PRODUCTS_DIR; };
/* End PBXFileReference section */

/* Begin PBXFileSystemSynchronizedRootGroup section */
		0FAF5BA5301C2AB6008C84DC /* FaceFusionMac */ = {
			isa = PBXFileSystemSynchronizedRootGroup;
			path = FaceFusionMac;
			sourceTree = "<group>";
		};
		0FAF5BB3301C2AB8008C84DC /* FaceFusionMacTests */ = {
			isa = PBXFileSystemSynchronizedRootGroup;
			path = FaceFusionMacTests;
			sourceTree = "<group>";
		};
		0FAF5BBD301C2AB8008C84DC /* FaceFusionMacUITests */ = {
			isa = PBXFileSystemSynchronizedRootGroup;
			path = FaceFusionMacUITests;
			sourceTree = "<group>";
		};
/* End PBXFileSystemSynchronizedRootGroup section */

/* Begin PBXFrameworksBuildPhase section */
		0FAF5BA0301C2AB6008C84DC /* Frameworks */ = {
			isa = PBXFrameworksBuildPhase;
			buildActionMask = 2147483647;
			files = (
			);
			runOnlyForDeploymentPostprocessing = 0;
		};
		0FAF5BAD301C2AB8008C84DC /* Frameworks */ = {
			isa = PBXFrameworksBuildPhase;
			buildActionMask = 2147483647;
			files = (
			);
			runOnlyForDeploymentPostprocessing = 0;
		};
		0FAF5BB7301C2AB8008C84DC /* Frameworks */ = {
			isa = PBXFrameworksBuildPhase;
			buildActionMask = 2147483647;
			files = (
			);
			runOnlyForDeploymentPostprocessing = 0;
		};
/* End PBXFrameworksBuildPhase section */

/* Begin PBXGroup section */
		0FAF5B9A301C2AB6008C84DC = {
			isa = PBXGroup;
			children = (
				0FAF5BA5301C2AB6008C84DC /* FaceFusionMac */,
				0FAF5BB3301C2AB8008C84DC /* FaceFusionMacTests */,
				0FAF5BBD301C2AB8008C84DC /* FaceFusionMacUITests */,
				0FAF5BA4301C2AB6008C84DC /* Products */,
			);
			sourceTree = "<group>";
		};
		0FAF5BA4301C2AB6008C84DC /* Products */ = {
			isa = PBXGroup;
			children = (
				0FAF5BA3301C2AB6008C84DC /* FaceFusionMac.app */,
				0FAF5BB0301C2AB8008C84DC /* FaceFusionMacTests.xctest */,
				0FAF5BBA301C2AB8008C84DC /* FaceFusionMacUITests.xctest */,
			);
			name = Products;
			sourceTree = "<group>";
		};
/* End PBXGroup section */

/* Begin PBXNativeTarget section */
		0FAF5BA2301C2AB6008C84DC /* FaceFusionMac */ = {
			isa = PBXNativeTarget;
			buildConfigurationList = 0FAF5BC4301C2AB8008C84DC /* Build configuration list for PBXNativeTarget "FaceFusionMac" */;
			buildPhases = (
				0FAF5B9F301C2AB6008C84DC /* Sources */,
				0FAF5BA0301C2AB6008C84DC /* Frameworks */,
				0FAF5BA1301C2AB6008C84DC /* Resources */,
			);
			buildRules = (
			);
			dependencies = (
			);
			fileSystemSynchronizedGroups = (
				0FAF5BA5301C2AB6008C84DC /* FaceFusionMac */,
			);
			name = FaceFusionMac;
			packageProductDependencies = (
			);
			productName = FaceFusionMac;
			productReference = 0FAF5BA3301C2AB6008C84DC /* FaceFusionMac.app */;
			productType = "com.apple.product-type.application";
		};
		0FAF5BAF301C2AB8008C84DC /* FaceFusionMacTests */ = {
			isa = PBXNativeTarget;
			buildConfigurationList = 0FAF5BC7301C2AB8008C84DC /* Build configuration list for PBXNativeTarget "FaceFusionMacTests" */;
			buildPhases = (
				0FAF5BAC301C2AB8008C84DC /* Sources */,
				0FAF5BAD301C2AB8008C84DC /* Frameworks */,
				0FAF5BAE301C2AB8008C84DC /* Resources */,
			);
			buildRules = (
			);
			dependencies = (
				0FAF5BB2301C2AB8008C84DC /* PBXTargetDependency */,
			);
			fileSystemSynchronizedGroups = (
				0FAF5BB3301C2AB8008C84DC /* FaceFusionMacTests */,
			);
			name = FaceFusionMacTests;
			packageProductDependencies = (
			);
			productName = FaceFusionMacTests;
			productReference = 0FAF5BB0301C2AB8008C84DC /* FaceFusionMacTests.xctest */;
			productType = "com.apple.product-type.bundle.unit-test";
		};
		0FAF5BB9301C2AB8008C84DC /* FaceFusionMacUITests */ = {
			isa = PBXNativeTarget;
			buildConfigurationList = 0FAF5BCA301C2AB8008C84DC /* Build configuration list for PBXNativeTarget "FaceFusionMacUITests" */;
			buildPhases = (
				0FAF5BB6301C2AB8008C84DC /* Sources */,
				0FAF5BB7301C2AB8008C84DC /* Frameworks */,
				0FAF5BB8301C2AB8008C84DC /* Resources */,
			);
			buildRules = (
			);
			dependencies = (
				0FAF5BBC301C2AB8008C84DC /* PBXTargetDependency */,
			);
			fileSystemSynchronizedGroups = (
				0FAF5BBD301C2AB8008C84DC /* FaceFusionMacUITests */,
			);
			name = FaceFusionMacUITests;
			packageProductDependencies = (
			);
			productName = FaceFusionMacUITests;
			productReference = 0FAF5BBA301C2AB8008C84DC /* FaceFusionMacUITests.xctest */;
			productType = "com.apple.product-type.bundle.ui-testing";
		};
/* End PBXNativeTarget section */

/* Begin PBXProject section */
		0FAF5B9B301C2AB6008C84DC /* Project object */ = {
			isa = PBXProject;
			attributes = {
				BuildIndependentTargetsInParallel = 1;
				LastSwiftUpdateCheck = 2660;
				LastUpgradeCheck = 2660;
				TargetAttributes = {
					0FAF5BA2301C2AB6008C84DC = {
						CreatedOnToolsVersion = 26.6;
					};
					0FAF5BAF301C2AB8008C84DC = {
						CreatedOnToolsVersion = 26.6;
						TestTargetID = 0FAF5BA2301C2AB6008C84DC;
					};
					0FAF5BB9301C2AB8008C84DC = {
						CreatedOnToolsVersion = 26.6;
						TestTargetID = 0FAF5BA2301C2AB6008C84DC;
					};
				};
			};
			buildConfigurationList = 0FAF5B9E301C2AB6008C84DC /* Build configuration list for PBXProject "FaceFusionMac" */;
			developmentRegion = en;
			hasScannedForEncodings = 0;
			knownRegions = (
				en,
				Base,
			);
			mainGroup = 0FAF5B9A301C2AB6008C84DC;
			minimizedProjectReferenceProxies = 1;
			preferredProjectObjectVersion = 77;
			productRefGroup = 0FAF5BA4301C2AB6008C84DC /* Products */;
			projectDirPath = "";
			projectRoot = "";
			targets = (
				0FAF5BA2301C2AB6008C84DC /* FaceFusionMac */,
				0FAF5BAF301C2AB8008C84DC /* FaceFusionMacTests */,
				0FAF5BB9301C2AB8008C84DC /* FaceFusionMacUITests */,
			);
		};
/* End PBXProject section */

/* Begin PBXResourcesBuildPhase section */
		0FAF5BA1301C2AB6008C84DC /* Resources */ = {
			isa = PBXResourcesBuildPhase;
			buildActionMask = 2147483647;
			files = (
			);
			runOnlyForDeploymentPostprocessing = 0;
		};
		0FAF5BAE301C2AB8008C84DC /* Resources */ = {
			isa = PBXResourcesBuildPhase;
			buildActionMask = 2147483647;
			files = (
			);
			runOnlyForDeploymentPostprocessing = 0;
		};
		0FAF5BB8301C2AB8008C84DC /* Resources */ = {
			isa = PBXResourcesBuildPhase;
			buildActionMask = 2147483647;
			files = (
			);
			runOnlyForDeploymentPostprocessing = 0;
		};
/* End PBXResourcesBuildPhase section */

/* Begin PBXSourcesBuildPhase section */
		0FAF5B9F301C2AB6008C84DC /* Sources */ = {
			isa = PBXSourcesBuildPhase;
			buildActionMask = 2147483647;
			files = (
			);
			runOnlyForDeploymentPostprocessing = 0;
		};
		0FAF5BAC301C2AB8008C84DC /* Sources */ = {
			isa = PBXSourcesBuildPhase;
			buildActionMask = 2147483647;
			files = (
			);
			runOnlyForDeploymentPostprocessing = 0;
		};
		0FAF5BB6301C2AB8008C84DC /* Sources */ = {
			isa = PBXSourcesBuildPhase;
			buildActionMask = 2147483647;
			files = (
			);
			runOnlyForDeploymentPostprocessing = 0;
		};
/* End PBXSourcesBuildPhase section */

/* Begin PBXTargetDependency section */
		0FAF5BB2301C2AB8008C84DC /* PBXTargetDependency */ = {
			isa = PBXTargetDependency;
			target = 0FAF5BA2301C2AB6008C84DC /* FaceFusionMac */;
			targetProxy = 0FAF5BB1301C2AB8008C84DC /* PBXContainerItemProxy */;
		};
		0FAF5BBC301C2AB8008C84DC /* PBXTargetDependency */ = {
			isa = PBXTargetDependency;
			target = 0FAF5BA2301C2AB6008C84DC /* FaceFusionMac */;
			targetProxy = 0FAF5BBB301C2AB8008C84DC /* PBXContainerItemProxy */;
		};
/* End PBXTargetDependency section */

/* Begin XCBuildConfiguration section */
		0FAF5BC2301C2AB8008C84DC /* Debug */ = {
			isa = XCBuildConfiguration;
			buildSettings = {
				ALWAYS_SEARCH_USER_PATHS = NO;
				ASSETCATALOG_COMPILER_GENERATE_SWIFT_ASSET_SYMBOL_EXTENSIONS = YES;
				CLANG_ANALYZER_NONNULL = YES;
				CLANG_ANALYZER_NUMBER_OBJECT_CONVERSION = YES_AGGRESSIVE;
				CLANG_CXX_LANGUAGE_STANDARD = "gnu++20";
				CLANG_ENABLE_MODULES = YES;
				CLANG_ENABLE_OBJC_ARC = YES;
				CLANG_ENABLE_OBJC_WEAK = YES;
				CLANG_WARN_BLOCK_CAPTURE_AUTORELEASING = YES;
				CLANG_WARN_BOOL_CONVERSION = YES;
				CLANG_WARN_COMMA = YES;
				CLANG_WARN_CONSTANT_CONVERSION = YES;
				CLANG_WARN_DEPRECATED_OBJC_IMPLEMENTATIONS = YES;
				CLANG_WARN_DIRECT_OBJC_ISA_USAGE = YES_ERROR;
				CLANG_WARN_DOCUMENTATION_COMMENTS = YES;
				CLANG_WARN_EMPTY_BODY = YES;
				CLANG_WARN_ENUM_CONVERSION = YES;
				CLANG_WARN_INFINITE_RECURSION = YES;
				CLANG_WARN_INT_CONVERSION = YES;
				CLANG_WARN_NON_LITERAL_NULL_CONVERSION = YES;
				CLANG_WARN_OBJC_IMPLICIT_RETAIN_SELF = YES;
				CLANG_WARN_OBJC_LITERAL_CONVERSION = YES;
				CLANG_WARN_OBJC_ROOT_CLASS = YES_ERROR;
				CLANG_WARN_QUOTED_INCLUDE_IN_FRAMEWORK_HEADER = YES;
				CLANG_WARN_RANGE_LOOP_ANALYSIS = YES;
				CLANG_WARN_STRICT_PROTOTYPES = YES;
				CLANG_WARN_SUSPICIOUS_MOVE = YES;
				CLANG_WARN_UNGUARDED_AVAILABILITY = YES_AGGRESSIVE;
				CLANG_WARN_UNREACHABLE_CODE = YES;
				CLANG_WARN__DUPLICATE_METHOD_MATCH = YES;
				COPY_PHASE_STRIP = NO;
				DEBUG_INFORMATION_FORMAT = dwarf;
				DEVELOPMENT_TEAM = HPL74FCW8E;
				ENABLE_STRICT_OBJC_MSGSEND = YES;
				ENABLE_TESTABILITY = YES;
				ENABLE_USER_SCRIPT_SANDBOXING = YES;
				GCC_C_LANGUAGE_STANDARD = gnu17;
				GCC_DYNAMIC_NO_PIC = NO;
				GCC_NO_COMMON_BLOCKS = YES;
				GCC_OPTIMIZATION_LEVEL = 0;
				GCC_PREPROCESSOR_DEFINITIONS = (
					"DEBUG=1",
					"$(inherited)",
				);
				GCC_WARN_64_TO_32_BIT_CONVERSION = YES;
				GCC_WARN_ABOUT_RETURN_TYPE = YES_ERROR;
				GCC_WARN_UNDECLARED_SELECTOR = YES;
				GCC_WARN_UNINITIALIZED_AUTOS = YES_AGGRESSIVE;
				GCC_WARN_UNUSED_FUNCTION = YES;
				GCC_WARN_UNUSED_VARIABLE = YES;
				LOCALIZATION_PREFERS_STRING_CATALOGS = YES;
				MACOSX_DEPLOYMENT_TARGET = 26.5;
				MTL_ENABLE_DEBUG_INFO = INCLUDE_SOURCE;
				MTL_FAST_MATH = YES;
				ONLY_ACTIVE_ARCH = YES;
				SDKROOT = macosx;
				SWIFT_ACTIVE_COMPILATION_CONDITIONS = "DEBUG $(inherited)";
				SWIFT_OPTIMIZATION_LEVEL = "-Onone";
			};
			name = Debug;
		};
		0FAF5BC3301C2AB8008C84DC /* Release */ = {
			isa = XCBuildConfiguration;
			buildSettings = {
				ALWAYS_SEARCH_USER_PATHS = NO;
				ASSETCATALOG_COMPILER_GENERATE_SWIFT_ASSET_SYMBOL_EXTENSIONS = YES;
				CLANG_ANALYZER_NONNULL = YES;
				CLANG_ANALYZER_NUMBER_OBJECT_CONVERSION = YES_AGGRESSIVE;
				CLANG_CXX_LANGUAGE_STANDARD = "gnu++20";
				CLANG_ENABLE_MODULES = YES;
				CLANG_ENABLE_OBJC_ARC = YES;
				CLANG_ENABLE_OBJC_WEAK = YES;
				CLANG_WARN_BLOCK_CAPTURE_AUTORELEASING = YES;
				CLANG_WARN_BOOL_CONVERSION = YES;
				CLANG_WARN_COMMA = YES;
				CLANG_WARN_CONSTANT_CONVERSION = YES;
				CLANG_WARN_DEPRECATED_OBJC_IMPLEMENTATIONS = YES;
				CLANG_WARN_DIRECT_OBJC_ISA_USAGE = YES_ERROR;
				CLANG_WARN_DOCUMENTATION_COMMENTS = YES;
				CLANG_WARN_EMPTY_BODY = YES;
				CLANG_WARN_ENUM_CONVERSION = YES;
				CLANG_WARN_INFINITE_RECURSION = YES;
				CLANG_WARN_INT_CONVERSION = YES;
				CLANG_WARN_NON_LITERAL_NULL_CONVERSION = YES;
				CLANG_WARN_OBJC_IMPLICIT_RETAIN_SELF = YES;
				CLANG_WARN_OBJC_LITERAL_CONVERSION = YES;
				CLANG_WARN_OBJC_ROOT_CLASS = YES_ERROR;
				CLANG_WARN_QUOTED_INCLUDE_IN_FRAMEWORK_HEADER = YES;
				CLANG_WARN_RANGE_LOOP_ANALYSIS = YES;
				CLANG_WARN_STRICT_PROTOTYPES = YES;
				CLANG_WARN_SUSPICIOUS_MOVE = YES;
				CLANG_WARN_UNGUARDED_AVAILABILITY = YES_AGGRESSIVE;
				CLANG_WARN_UNREACHABLE_CODE = YES;
				CLANG_WARN__DUPLICATE_METHOD_MATCH = YES;
				COPY_PHASE_STRIP = NO;
				DEBUG_INFORMATION_FORMAT = "dwarf-with-dsym";
				DEVELOPMENT_TEAM = HPL74FCW8E;
				ENABLE_NS_ASSERTIONS = NO;
				ENABLE_STRICT_OBJC_MSGSEND = YES;
				ENABLE_USER_SCRIPT_SANDBOXING = YES;
				GCC_C_LANGUAGE_STANDARD = gnu17;
				GCC_NO_COMMON_BLOCKS = YES;
				GCC_WARN_64_TO_32_BIT_CONVERSION = YES;
				GCC_WARN_ABOUT_RETURN_TYPE = YES_ERROR;
				GCC_WARN_UNDECLARED_SELECTOR = YES;
				GCC_WARN_UNINITIALIZED_AUTOS = YES_AGGRESSIVE;
				GCC_WARN_UNUSED_FUNCTION = YES;
				GCC_WARN_UNUSED_VARIABLE = YES;
				LOCALIZATION_PREFERS_STRING_CATALOGS = YES;
				MACOSX_DEPLOYMENT_TARGET = 26.5;
				MTL_ENABLE_DEBUG_INFO = NO;
				MTL_FAST_MATH = YES;
				SDKROOT = macosx;
				SWIFT_COMPILATION_MODE = wholemodule;
			};
			name = Release;
		};
		0FAF5BC5301C2AB8008C84DC /* Debug */ = {
			isa = XCBuildConfiguration;
			buildSettings = {
				ASSETCATALOG_COMPILER_APPICON_NAME = AppIcon;
				ASSETCATALOG_COMPILER_GLOBAL_ACCENT_COLOR_NAME = AccentColor;
				CODE_SIGN_STYLE = Automatic;
				COMBINE_HIDPI_IMAGES = YES;
				CURRENT_PROJECT_VERSION = 1;
				DEVELOPMENT_TEAM = HPL74FCW8E;
				ENABLE_APP_SANDBOX = YES;
				ENABLE_HARDENED_RUNTIME = YES;
				ENABLE_PREVIEWS = YES;
				ENABLE_USER_SELECTED_FILES = readonly;
				GENERATE_INFOPLIST_FILE = YES;
				INFOPLIST_KEY_NSHumanReadableCopyright = "";
				LD_RUNPATH_SEARCH_PATHS = (
					"$(inherited)",
					"@executable_path/../Frameworks",
				);
				MARKETING_VERSION = 1.0;
				PRODUCT_BUNDLE_IDENTIFIER = com.lisenhuang.FaceFusionMac;
				PRODUCT_NAME = "$(TARGET_NAME)";
				REGISTER_APP_GROUPS = YES;
				STRING_CATALOG_GENERATE_SYMBOLS = YES;
				SWIFT_APPROACHABLE_CONCURRENCY = YES;
				SWIFT_DEFAULT_ACTOR_ISOLATION = MainActor;
				SWIFT_EMIT_LOC_STRINGS = YES;
				SWIFT_UPCOMING_FEATURE_MEMBER_IMPORT_VISIBILITY = YES;
				SWIFT_VERSION = 5.0;
			};
			name = Debug;
		};
		0FAF5BC6301C2AB8008C84DC /* Release */ = {
			isa = XCBuildConfiguration;
			buildSettings = {
				ASSETCATALOG_COMPILER_APPICON_NAME = AppIcon;
				ASSETCATALOG_COMPILER_GLOBAL_ACCENT_COLOR_NAME = AccentColor;
				CODE_SIGN_STYLE = Automatic;
				COMBINE_HIDPI_IMAGES = YES;
				CURRENT_PROJECT_VERSION = 1;
				DEVELOPMENT_TEAM = HPL74FCW8E;
				ENABLE_APP_SANDBOX = YES;
				ENABLE_HARDENED_RUNTIME = YES;
				ENABLE_PREVIEWS = YES;
				ENABLE_USER_SELECTED_FILES = readonly;
				GENERATE_INFOPLIST_FILE = YES;
				INFOPLIST_KEY_NSHumanReadableCopyright = "";
				LD_RUNPATH_SEARCH_PATHS = (
					"$(inherited)",
					"@executable_path/../Frameworks",
				);
				MARKETING_VERSION = 1.0;
				PRODUCT_BUNDLE_IDENTIFIER = com.lisenhuang.FaceFusionMac;
				PRODUCT_NAME = "$(TARGET_NAME)";
				REGISTER_APP_GROUPS = YES;
				STRING_CATALOG_GENERATE_SYMBOLS = YES;
				SWIFT_APPROACHABLE_CONCURRENCY = YES;
				SWIFT_DEFAULT_ACTOR_ISOLATION = MainActor;
				SWIFT_EMIT_LOC_STRINGS = YES;
				SWIFT_UPCOMING_FEATURE_MEMBER_IMPORT_VISIBILITY = YES;
				SWIFT_VERSION = 5.0;
			};
			name = Release;
		};
		0FAF5BC8301C2AB8008C84DC /* Debug */ = {
			isa = XCBuildConfiguration;
			buildSettings = {
				BUNDLE_LOADER = "$(TEST_HOST)";
				CODE_SIGN_STYLE = Automatic;
				CURRENT_PROJECT_VERSION = 1;
				DEVELOPMENT_TEAM = HPL74FCW8E;
				GENERATE_INFOPLIST_FILE = YES;
				MACOSX_DEPLOYMENT_TARGET = 26.5;
				MARKETING_VERSION = 1.0;
				PRODUCT_BUNDLE_IDENTIFIER = com.lisenhuang.FaceFusionMacTests;
				PRODUCT_NAME = "$(TARGET_NAME)";
				STRING_CATALOG_GENERATE_SYMBOLS = NO;
				SWIFT_APPROACHABLE_CONCURRENCY = YES;
				SWIFT_EMIT_LOC_STRINGS = NO;
				SWIFT_UPCOMING_FEATURE_MEMBER_IMPORT_VISIBILITY = YES;
				SWIFT_VERSION = 5.0;
				TEST_HOST = "$(BUILT_PRODUCTS_DIR)/FaceFusionMac.app/$(BUNDLE_EXECUTABLE_FOLDER_PATH)/FaceFusionMac";
			};
			name = Debug;
		};
		0FAF5BC9301C2AB8008C84DC /* Release */ = {
			isa = XCBuildConfiguration;
			buildSettings = {
				BUNDLE_LOADER = "$(TEST_HOST)";
				CODE_SIGN_STYLE = Automatic;
				CURRENT_PROJECT_VERSION = 1;
				DEVELOPMENT_TEAM = HPL74FCW8E;
				GENERATE_INFOPLIST_FILE = YES;
				MACOSX_DEPLOYMENT_TARGET = 26.5;
				MARKETING_VERSION = 1.0;
				PRODUCT_BUNDLE_IDENTIFIER = com.lisenhuang.FaceFusionMacTests;
				PRODUCT_NAME = "$(TARGET_NAME)";
				STRING_CATALOG_GENERATE_SYMBOLS = NO;
				SWIFT_APPROACHABLE_CONCURRENCY = YES;
				SWIFT_EMIT_LOC_STRINGS = NO;
				SWIFT_UPCOMING_FEATURE_MEMBER_IMPORT_VISIBILITY = YES;
				SWIFT_VERSION = 5.0;
				TEST_HOST = "$(BUILT_PRODUCTS_DIR)/FaceFusionMac.app/$(BUNDLE_EXECUTABLE_FOLDER_PATH)/FaceFusionMac";
			};
			name = Release;
		};
		0FAF5BCB301C2AB8008C84DC /* Debug */ = {
			isa = XCBuildConfiguration;
			buildSettings = {
				CODE_SIGN_STYLE = Automatic;
				CURRENT_PROJECT_VERSION = 1;
				DEVELOPMENT_TEAM = HPL74FCW8E;
				GENERATE_INFOPLIST_FILE = YES;
				MARKETING_VERSION = 1.0;
				PRODUCT_BUNDLE_IDENTIFIER = com.lisenhuang.FaceFusionMacUITests;
				PRODUCT_NAME = "$(TARGET_NAME)";
				STRING_CATALOG_GENERATE_SYMBOLS = NO;
				SWIFT_APPROACHABLE_CONCURRENCY = YES;
				SWIFT_EMIT_LOC_STRINGS = NO;
				SWIFT_UPCOMING_FEATURE_MEMBER_IMPORT_VISIBILITY = YES;
				SWIFT_VERSION = 5.0;
				TEST_TARGET_NAME = FaceFusionMac;
			};
			name = Debug;
		};
		0FAF5BCC301C2AB8008C84DC /* Release */ = {
			isa = XCBuildConfiguration;
			buildSettings = {
				CODE_SIGN_STYLE = Automatic;
				CURRENT_PROJECT_VERSION = 1;
				DEVELOPMENT_TEAM = HPL74FCW8E;
				GENERATE_INFOPLIST_FILE = YES;
				MARKETING_VERSION = 1.0;
				PRODUCT_BUNDLE_IDENTIFIER = com.lisenhuang.FaceFusionMacUITests;
				PRODUCT_NAME = "$(TARGET_NAME)";
				STRING_CATALOG_GENERATE_SYMBOLS = NO;
				SWIFT_APPROACHABLE_CONCURRENCY = YES;
				SWIFT_EMIT_LOC_STRINGS = NO;
				SWIFT_UPCOMING_FEATURE_MEMBER_IMPORT_VISIBILITY = YES;
				SWIFT_VERSION = 5.0;
				TEST_TARGET_NAME = FaceFusionMac;
			};
			name = Release;
		};
/* End XCBuildConfiguration section */

/* Begin XCConfigurationList section */
		0FAF5B9E301C2AB6008C84DC /* Build configuration list for PBXProject "FaceFusionMac" */ = {
			isa = XCConfigurationList;
			buildConfigurations = (
				0FAF5BC2301C2AB8008C84DC /* Debug */,
				0FAF5BC3301C2AB8008C84DC /* Release */,
			);
			defaultConfigurationIsVisible = 0;
			defaultConfigurationName = Release;
		};
		0FAF5BC4301C2AB8008C84DC /* Build configuration list for PBXNativeTarget "FaceFusionMac" */ = {
			isa = XCConfigurationList;
			buildConfigurations = (
				0FAF5BC5301C2AB8008C84DC /* Debug */,
				0FAF5BC6301C2AB8008C84DC /* Release */,
			);
			defaultConfigurationIsVisible = 0;
			defaultConfigurationName = Release;
		};
		0FAF5BC7301C2AB8008C84DC /* Build configuration list for PBXNativeTarget "FaceFusionMacTests" */ = {
			isa = XCConfigurationList;
			buildConfigurations = (
				0FAF5BC8301C2AB8008C84DC /* Debug */,
				0FAF5BC9301C2AB8008C84DC /* Release */,
			);
			defaultConfigurationIsVisible = 0;
			defaultConfigurationName = Release;
		};
		0FAF5BCA301C2AB8008C84DC /* Build configuration list for PBXNativeTarget "FaceFusionMacUITests" */ = {
			isa = XCConfigurationList;
			buildConfigurations = (
				0FAF5BCB301C2AB8008C84DC /* Debug */,
				0FAF5BCC301C2AB8008C84DC /* Release */,
			);
			defaultConfigurationIsVisible = 0;
			defaultConfigurationName = Release;
		};
/* End XCConfigurationList section */
	};
	rootObject = 0FAF5B9B301C2AB6008C84DC /* Project object */;
}
